
Microsoft Visual Studio Solution File, Format Version 12.00
# Visual Studio Version 17
VisualStudioVersion = 17.5.33627.172
MinimumVisualStudioVersion = 10.0.40219.1
Project("{FAE04EC0-301F-11D3-BF4B-00C04F79EFBC}") = "InsuranceAPI", "InsuranceAPI\InsuranceAPI.csproj", "{75001128-8D20-4018-A2B0-D878F6DBE7B1}"
EndProject
Project("{FAE04EC0-301F-11D3-BF4B-00C04F79EFBC}") = "DataBaseModel", "DataBaseModel\DataBaseModel.csproj", "{F6A96A01-066A-4982-BB1D-968411A3846E}"
EndProject
Project("{FAE04EC0-301F-11D3-BF4B-00C04F79EFBC}") = "InsuranceAPI.Tests", "InsuranceAPI.Tests\InsuranceAPI.Tests.csproj", "{EE08B313-75A8-4978-AB36-441348572FB0}"
EndProject
Project("{FAE04EC0-301F-11D3-BF4B-00C04F79EFBC}") = "HomeWorker", "HomeWorker\HomeWorker.csproj", "{AF326C89-8D4D-4880-A88C-67FA6A3DAE78}"
EndProject
Project("{FAE04EC0-301F-11D3-BF4B-00C04F79EFBC}") = "CarWorker", "CarWorker\CarWorker.csproj", "{33D1F8E1-1B10-4344-BF5E-EE6368E50913}"
EndProject
Project("{FAE04EC0-301F-11D3-BF4B-00C04F79EFBC}") = "ModelLib", "ModelLib\ModelLib.csproj", "{073DB837-6DF1-4C0E-8558-7BE6F16499B1}"
EndProject
Global
	GlobalSection(SolutionConfigurationPlatforms) = preSolution
		Debug|Any CPU = Debug|Any CPU
		Release|Any CPU = Release|Any CPU
	EndGlobalSection
	GlobalSection(ProjectConfigurationPlatforms) = postSolution
		{75001128-8D20-4018-A2B0-D878F6DBE7B1}.Debug|Any CPU.ActiveCfg = Debug|Any CPU
		{75001128-8D20-4018-A2B0-D878F6DBE7B1}.Debug|Any CPU.Build.0 = Debug|Any CPU
		{75001128-8D20-4018-A2B0-D878F6DBE7B1}.Release|Any CPU.ActiveCfg = Release|Any CPU
		{75001128-8D20-4018-A2B0-D878F6DBE7B1}.Release|Any CPU.Build.0 = Release|Any CPU
		{F6A96A01-066A-4982-BB1D-968411A3846E}.Debug|Any CPU.ActiveCfg = Debug|Any CPU
		{F6A96A01-066A-4982-BB1D-968411A3846E}.Debug|Any CPU.Build.0 = Debug|Any CPU
		{F6A96A01-066A-4982-BB1D-968411A3846E}.Release|Any CPU.ActiveCfg = Release|Any CPU
		{F6A96A01-066A-4982-BB1D-968411A3846E}.Release|Any CPU.Build.0 = Release|Any CPU
		{EE08B313-75A8-4978-AB36-441348572FB0}.Debug|Any CPU.ActiveCfg = Debug|Any CPU
		{EE08B313-75A8-4978-AB36-441348572FB0}.Debug|Any CPU.Build.0 = Debug|Any CPU
		{EE08B313-75A8-4978-AB36-441348572FB0}.Release|Any CPU.ActiveCfg = Release|Any CPU
		{EE08B313-75A8-4978-AB36-441348572FB0}.Release|Any CPU.Build.0 = Release|Any CPU
		{AF326C89-8D4D-4880-A88C-67FA6A3DAE78}.Debug|Any CPU.ActiveCfg = Debug|Any CPU
		{AF326C89-8D4D-4880-A88C-67FA6A3DAE78}.Debug|Any CPU.Build.0 = Debug|Any CPU
		{AF326C89-8D4D-4880-A88C-67FA6A3DAE78}.Release|Any CPU.ActiveCfg = Release|Any CPU
		{AF326C89-8D4D-4880-A88C-67FA6A3DAE78}.Release|Any CPU.Build.0 = Release|Any CPU
		{33D1F8E1-1B10-4344-BF5E-EE6368E50913}.Debug|Any CPU.ActiveCfg = Debug|Any CPU
		{33D1F8E1-1B10-4344-BF5E-EE6368E50913}.Debug|Any CPU.Build.0 = Debug|Any CPU
		{33D1F8E1-1B10-4344-BF5E-EE6368E50913}.Release|Any CPU.ActiveCfg = Release|Any CPU
		{33D1F8E1-1B10-4344-BF5E-EE6368E50913}.Release|Any CPU.Build.0 = Release|Any CPU
		{073DB837-6DF1-4C0E-8558-7BE6F16499B1}.Debug|Any CPU.ActiveCfg = Debug|Any CPU
		{073DB837-6DF1-4C0E-8558-7BE6F16499B1}.Debug|Any CPU.Build.0 = Debug|Any CPU
		{073DB837-6DF1-4C0E-8558-7BE6F16499B1}.Release|Any CPU.ActiveCfg = Release|Any CPU
		{073DB837-6DF1-4C0E-8558-7BE6F16499B1}.Release|Any CPU.Build.0 = Release|Any CPU
	EndGlobalSection
	GlobalSection(SolutionProperties) = preSolution
		HideSolutionNode = FALSE
	EndGlobalSection
	GlobalSection(ExtensibilityGlobals) = postSolution
		SolutionGuid = {0A01392C-01A0-4E5D-AE05-21F93E429721}
	EndGlobalSection
EndGlobal
